# THIS IS AN AUTOGENERATED FILE. DO NOT EDIT THIS FILE DIRECTLY.
# yarn lockfile v1


"@opentelemetry/api-logs@0.52.1":
  version "0.52.1"
  resolved "https://npm.metabizlist.com/@opentelemetry/api-logs/-/api-logs-0.52.1.tgz#52906375da4d64c206b0c4cb8ffa209214654ecc"
  integrity sha512-qnSqB2DQ9TPP96dl8cDubDvrUyWc0/sK81xHTK8eSUspzDM3bsewX903qclQFvVhgStjRWdC5bLb3kQqMkfV5A==
  dependencies:
    "@opentelemetry/api" "^1.0.0"

"@opentelemetry/api@^1.0.0", "@opentelemetry/api@^1.8", "@opentelemetry/api@^1.9.0":
  version "1.9.0"
  resolved "https://npm.metabizlist.com/@opentelemetry/api/-/api-1.9.0.tgz#d03eba68273dc0f7509e2a3d5cba21eae10379fe"
  integrity sha512-3giAOQvZiH5F9bMlMiv8+GSPMeqg0dbaeo58/0SlA9sxSqZhnUtxzX9/2FzyhS9sWQf5S0GJE0AKBrFqjpeYcg==

"@opentelemetry/context-async-hooks@^1.25.1":
  version "1.25.1"
  resolved "https://npm.metabizlist.com/@opentelemetry/context-async-hooks/-/context-async-hooks-1.25.1.tgz#810bff2fcab84ec51f4684aff2d21f6c057d9e73"
  integrity sha512-UW/ge9zjvAEmRWVapOP0qyCvPulWU6cQxGxDbWEFfGOj1VBBZAuOqTo3X6yWmDTD3Xe15ysCZChHncr2xFMIfQ==

"@opentelemetry/core@1.25.1", "@opentelemetry/core@^1.1.0", "@opentelemetry/core@^1.25.1", "@opentelemetry/core@^1.8.0":
  version "1.25.1"
  resolved "https://npm.metabizlist.com/@opentelemetry/core/-/core-1.25.1.tgz#ff667d939d128adfc7c793edae2f6bca177f829d"
  integrity sha512-GeT/l6rBYWVQ4XArluLVB6WWQ8flHbdb6r2FCHC3smtdOAbrJBIv35tpV/yp9bmYUJf+xmZpu9DRTIeJVhFbEQ==
  dependencies:
    "@opentelemetry/semantic-conventions" "1.25.1"

"@opentelemetry/instrumentation-connect@0.38.0":
  version "0.38.0"
  resolved "https://npm.metabizlist.com/@opentelemetry/instrumentation-connect/-/instrumentation-connect-0.38.0.tgz#1f4aa27894eac2538fb3c8fce7b1be92cae0217e"
  integrity sha512-2/nRnx3pjYEmdPIaBwtgtSviTKHWnDZN3R+TkRUnhIVrvBKVcq+I5B2rtd6mr6Fe9cHlZ9Ojcuh7pkNh/xdWWg==
  dependencies:
    "@opentelemetry/core" "^1.8.0"
    "@opentelemetry/instrumentation" "^0.52.0"
    "@opentelemetry/semantic-conventions" "^1.22.0"
    "@types/connect" "3.4.36"

"@opentelemetry/instrumentation-express@0.41.0":
  version "0.41.0"
  resolved "https://npm.metabizlist.com/@opentelemetry/instrumentation-express/-/instrumentation-express-0.41.0.tgz#e23f0ad1945cbff3ac27fb1f64f7b4ee3c1e25dd"
  integrity sha512-/B7fbMdaf3SYe5f1P973tkqd6s7XZirjpfkoJ63E7nltU30qmlgm9tY5XwZOzAFI0rHS9tbrFI2HFPAvQUFe/A==
  dependencies:
    "@opentelemetry/core" "^1.8.0"
    "@opentelemetry/instrumentation" "^0.52.0"
    "@opentelemetry/semantic-conventions" "^1.22.0"

"@opentelemetry/instrumentation-fastify@0.38.0":
  version "0.38.0"
  resolved "https://npm.metabizlist.com/@opentelemetry/instrumentation-fastify/-/instrumentation-fastify-0.38.0.tgz#0cb02ee1156197075e8a90e4fd18a6b6c94221ba"
  integrity sha512-HBVLpTSYpkQZ87/Df3N0gAw7VzYZV3n28THIBrJWfuqw3Or7UqdhnjeuMIPQ04BKk3aZc0cWn2naSQObbh5vXw==
  dependencies:
    "@opentelemetry/core" "^1.8.0"
    "@opentelemetry/instrumentation" "^0.52.0"
    "@opentelemetry/semantic-conventions" "^1.22.0"

"@opentelemetry/instrumentation-graphql@0.42.0":
  version "0.42.0"
  resolved "https://npm.metabizlist.com/@opentelemetry/instrumentation-graphql/-/instrumentation-graphql-0.42.0.tgz#588a18c39e3b3f655bc09243566172ab0b638d35"
  integrity sha512-N8SOwoKL9KQSX7z3gOaw5UaTeVQcfDO1c21csVHnmnmGUoqsXbArK2B8VuwPWcv6/BC/i3io+xTo7QGRZ/z28Q==
  dependencies:
    "@opentelemetry/instrumentation" "^0.52.0"

"@opentelemetry/instrumentation-hapi@0.40.0":
  version "0.40.0"
  resolved "https://npm.metabizlist.com/@opentelemetry/instrumentation-hapi/-/instrumentation-hapi-0.40.0.tgz#ae11190f0f57cdb4dc8d792cb8bca61e5343684c"
  integrity sha512-8U/w7Ifumtd2bSN1OLaSwAAFhb9FyqWUki3lMMB0ds+1+HdSxYBe9aspEJEgvxAqOkrQnVniAPTEGf1pGM7SOw==
  dependencies:
    "@opentelemetry/core" "^1.8.0"
    "@opentelemetry/instrumentation" "^0.52.0"
    "@opentelemetry/semantic-conventions" "^1.22.0"

"@opentelemetry/instrumentation-http@0.52.1":
  version "0.52.1"
  resolved "https://npm.metabizlist.com/@opentelemetry/instrumentation-http/-/instrumentation-http-0.52.1.tgz#12061501601838d1c912f9c29bdd40a13a7e44cf"
  integrity sha512-dG/aevWhaP+7OLv4BQQSEKMJv8GyeOp3Wxl31NHqE8xo9/fYMfEljiZphUHIfyg4gnZ9swMyWjfOQs5GUQe54Q==
  dependencies:
    "@opentelemetry/core" "1.25.1"
    "@opentelemetry/instrumentation" "0.52.1"
    "@opentelemetry/semantic-conventions" "1.25.1"
    semver "^7.5.2"

"@opentelemetry/instrumentation-ioredis@0.42.0":
  version "0.42.0"
  resolved "https://npm.metabizlist.com/@opentelemetry/instrumentation-ioredis/-/instrumentation-ioredis-0.42.0.tgz#0f488ffc68af3caa474e2f67861759075170729c"
  integrity sha512-P11H168EKvBB9TUSasNDOGJCSkpT44XgoM6d3gRIWAa9ghLpYhl0uRkS8//MqPzcJVHr3h3RmfXIpiYLjyIZTw==
  dependencies:
    "@opentelemetry/instrumentation" "^0.52.0"
    "@opentelemetry/redis-common" "^0.36.2"
    "@opentelemetry/semantic-conventions" "^1.23.0"

"@opentelemetry/instrumentation-koa@0.42.0":
  version "0.42.0"
  resolved "https://npm.metabizlist.com/@opentelemetry/instrumentation-koa/-/instrumentation-koa-0.42.0.tgz#1c180f3605448c2e57a4ba073b69ffba7b2970b3"
  integrity sha512-H1BEmnMhho8o8HuNRq5zEI4+SIHDIglNB7BPKohZyWG4fWNuR7yM4GTlR01Syq21vODAS7z5omblScJD/eZdKw==
  dependencies:
    "@opentelemetry/core" "^1.8.0"
    "@opentelemetry/instrumentation" "^0.52.0"
    "@opentelemetry/semantic-conventions" "^1.22.0"

"@opentelemetry/instrumentation-mongodb@0.46.0":
  version "0.46.0"
  resolved "https://npm.metabizlist.com/@opentelemetry/instrumentation-mongodb/-/instrumentation-mongodb-0.46.0.tgz#e3720e8ca3ca9f228fbf02f0812f7518c030b05e"
  integrity sha512-VF/MicZ5UOBiXrqBslzwxhN7TVqzu1/LN/QDpkskqM0Zm0aZ4CVRbUygL8d7lrjLn15x5kGIe8VsSphMfPJzlA==
  dependencies:
    "@opentelemetry/instrumentation" "^0.52.0"
    "@opentelemetry/sdk-metrics" "^1.9.1"
    "@opentelemetry/semantic-conventions" "^1.22.0"

"@opentelemetry/instrumentation-mongoose@0.40.0":
  version "0.40.0"
  resolved "https://npm.metabizlist.com/@opentelemetry/instrumentation-mongoose/-/instrumentation-mongoose-0.40.0.tgz#9c888312e524c381bfdf56a094c799150332dd51"
  integrity sha512-niRi5ZUnkgzRhIGMOozTyoZIvJKNJyhijQI4nF4iFSb+FUx2v5fngfR+8XLmdQAO7xmsD8E5vEGdDVYVtKbZew==
  dependencies:
    "@opentelemetry/core" "^1.8.0"
    "@opentelemetry/instrumentation" "^0.52.0"
    "@opentelemetry/semantic-conventions" "^1.22.0"

"@opentelemetry/instrumentation-mysql2@0.40.0":
  version "0.40.0"
  resolved "https://npm.metabizlist.com/@opentelemetry/instrumentation-mysql2/-/instrumentation-mysql2-0.40.0.tgz#fa2992c36d54427dccea68e5c69fff01103dabe6"
  integrity sha512-0xfS1xcqUmY7WE1uWjlmI67Xg3QsSUlNT+AcXHeA4BDUPwZtWqF4ezIwLgpVZfHOnkAEheqGfNSWd1PIu3Wnfg==
  dependencies:
    "@opentelemetry/instrumentation" "^0.52.0"
    "@opentelemetry/semantic-conventions" "^1.22.0"
    "@opentelemetry/sql-common" "^0.40.1"

"@opentelemetry/instrumentation-mysql@0.40.0":
  version "0.40.0"
  resolved "https://npm.metabizlist.com/@opentelemetry/instrumentation-mysql/-/instrumentation-mysql-0.40.0.tgz#bde5894c8eb447a4b8e940b030b2b73898da03fa"
  integrity sha512-d7ja8yizsOCNMYIJt5PH/fKZXjb/mS48zLROO4BzZTtDfhNCl2UM/9VIomP2qkGIFVouSJrGr/T00EzY7bPtKA==
  dependencies:
    "@opentelemetry/instrumentation" "^0.52.0"
    "@opentelemetry/semantic-conventions" "^1.22.0"
    "@types/mysql" "2.15.22"

"@opentelemetry/instrumentation-nestjs-core@0.39.0":
  version "0.39.0"
  resolved "https://npm.metabizlist.com/@opentelemetry/instrumentation-nestjs-core/-/instrumentation-nestjs-core-0.39.0.tgz#733fef4306c796951d7ea1951b45f9df0aed234d"
  integrity sha512-mewVhEXdikyvIZoMIUry8eb8l3HUjuQjSjVbmLVTt4NQi35tkpnHQrG9bTRBrl3403LoWZ2njMPJyg4l6HfKvA==
  dependencies:
    "@opentelemetry/instrumentation" "^0.52.0"
    "@opentelemetry/semantic-conventions" "^1.23.0"

"@opentelemetry/instrumentation-pg@0.43.0":
  version "0.43.0"
  resolved "https://npm.metabizlist.com/@opentelemetry/instrumentation-pg/-/instrumentation-pg-0.43.0.tgz#3cd94ad5144e1fd326a921280fa8bb7b49005eb5"
  integrity sha512-og23KLyoxdnAeFs1UWqzSonuCkePUzCX30keSYigIzJe/6WSYA8rnEI5lobcxPEzg+GcU06J7jzokuEHbjVJNw==
  dependencies:
    "@opentelemetry/instrumentation" "^0.52.0"
    "@opentelemetry/semantic-conventions" "^1.22.0"
    "@opentelemetry/sql-common" "^0.40.1"
    "@types/pg" "8.6.1"
    "@types/pg-pool" "2.0.4"

"@opentelemetry/instrumentation-redis-4@0.41.0":
  version "0.41.0"
  resolved "https://npm.metabizlist.com/@opentelemetry/instrumentation-redis-4/-/instrumentation-redis-4-0.41.0.tgz#6c1b1a37c18478887f346a3bc7ef309ee9f726c0"
  integrity sha512-H7IfGTqW2reLXqput4yzAe8YpDC0fmVNal95GHMLOrS89W+qWUKIqxolSh63hJyfmwPSFwXASzj7wpSk8Az+Dg==
  dependencies:
    "@opentelemetry/instrumentation" "^0.52.0"
    "@opentelemetry/redis-common" "^0.36.2"
    "@opentelemetry/semantic-conventions" "^1.22.0"

"@opentelemetry/instrumentation@0.52.1", "@opentelemetry/instrumentation@^0.49 || ^0.50 || ^0.51 || ^0.52.0", "@opentelemetry/instrumentation@^0.52.0", "@opentelemetry/instrumentation@^0.52.1":
  version "0.52.1"
  resolved "https://npm.metabizlist.com/@opentelemetry/instrumentation/-/instrumentation-0.52.1.tgz#2e7e46a38bd7afbf03cf688c862b0b43418b7f48"
  integrity sha512-uXJbYU/5/MBHjMp1FqrILLRuiJCs3Ofk0MeRDk8g1S1gD47U8X3JnSwcMO1rtRo1x1a7zKaQHaoYu49p/4eSKw==
  dependencies:
    "@opentelemetry/api-logs" "0.52.1"
    "@types/shimmer" "^1.0.2"
    import-in-the-middle "^1.8.1"
    require-in-the-middle "^7.1.1"
    semver "^7.5.2"
    shimmer "^1.2.1"

"@opentelemetry/instrumentation@^0.46.0":
  version "0.46.0"
  resolved "https://npm.metabizlist.com/@opentelemetry/instrumentation/-/instrumentation-0.46.0.tgz#a8a252306f82e2eace489312798592a14eb9830e"
  integrity sha512-a9TijXZZbk0vI5TGLZl+0kxyFfrXHhX6Svtz7Pp2/VBlCSKrazuULEyoJQrOknJyFWNMEmbbJgOciHCCpQcisw==
  dependencies:
    "@types/shimmer" "^1.0.2"
    import-in-the-middle "1.7.1"
    require-in-the-middle "^7.1.1"
    semver "^7.5.2"
    shimmer "^1.2.1"

"@opentelemetry/redis-common@^0.36.2":
  version "0.36.2"
  resolved "https://npm.metabizlist.com/@opentelemetry/redis-common/-/redis-common-0.36.2.tgz#906ac8e4d804d4109f3ebd5c224ac988276fdc47"
  integrity sha512-faYX1N0gpLhej/6nyp6bgRjzAKXn5GOEMYY7YhciSfCoITAktLUtQ36d24QEWNA1/WA1y6qQunCe0OhHRkVl9g==

"@opentelemetry/resources@1.25.1", "@opentelemetry/resources@^1.25.1":
  version "1.25.1"
  resolved "https://npm.metabizlist.com/@opentelemetry/resources/-/resources-1.25.1.tgz#bb9a674af25a1a6c30840b755bc69da2796fefbb"
  integrity sha512-pkZT+iFYIZsVn6+GzM0kSX+u3MSLCY9md+lIJOoKl/P+gJFfxJte/60Usdp8Ce4rOs8GduUpSPNe1ddGyDT1sQ==
  dependencies:
    "@opentelemetry/core" "1.25.1"
    "@opentelemetry/semantic-conventions" "1.25.1"

"@opentelemetry/sdk-metrics@^1.9.1":
  version "1.25.1"
  resolved "https://npm.metabizlist.com/@opentelemetry/sdk-metrics/-/sdk-metrics-1.25.1.tgz#50c985ec15557a9654334e7fa1018dc47a8a56b7"
  integrity sha512-9Mb7q5ioFL4E4dDrc4wC/A3NTHDat44v4I3p2pLPSxRvqUbDIQyMVr9uK+EU69+HWhlET1VaSrRzwdckWqY15Q==
  dependencies:
    "@opentelemetry/core" "1.25.1"
    "@opentelemetry/resources" "1.25.1"
    lodash.merge "^4.6.2"

"@opentelemetry/sdk-trace-base@^1.22", "@opentelemetry/sdk-trace-base@^1.25.1":
  version "1.25.1"
  resolved "https://npm.metabizlist.com/@opentelemetry/sdk-trace-base/-/sdk-trace-base-1.25.1.tgz#cbc1e60af255655d2020aa14cde17b37bd13df37"
  integrity sha512-C8k4hnEbc5FamuZQ92nTOp8X/diCY56XUTnMiv9UTuJitCzaNNHAVsdm5+HLCdI8SLQsLWIrG38tddMxLVoftw==
  dependencies:
    "@opentelemetry/core" "1.25.1"
    "@opentelemetry/resources" "1.25.1"
    "@opentelemetry/semantic-conventions" "1.25.1"

"@opentelemetry/semantic-conventions@1.25.1", "@opentelemetry/semantic-conventions@^1.17.0", "@opentelemetry/semantic-conventions@^1.22.0", "@opentelemetry/semantic-conventions@^1.23.0", "@opentelemetry/semantic-conventions@^1.25.1":
  version "1.25.1"
  resolved "https://npm.metabizlist.com/@opentelemetry/semantic-conventions/-/semantic-conventions-1.25.1.tgz#0deecb386197c5e9c2c28f2f89f51fb8ae9f145e"
  integrity sha512-ZDjMJJQRlyk8A1KZFCc+bCbsyrn1wTwdNt56F7twdfUfnHUZUq77/WfONCj8p72NZOyP7pNTdUWSTYC3GTbuuQ==

"@opentelemetry/sql-common@^0.40.1":
  version "0.40.1"
  resolved "https://npm.metabizlist.com/@opentelemetry/sql-common/-/sql-common-0.40.1.tgz#93fbc48d8017449f5b3c3274f2268a08af2b83b6"
  integrity sha512-nSDlnHSqzC3pXn/wZEZVLuAuJ1MYMXPBwtv2qAbCa3847SaHItdE7SzUq/Jtb0KZmh1zfAbNi3AAMjztTT4Ugg==
  dependencies:
    "@opentelemetry/core" "^1.1.0"

"@prisma/instrumentation@5.17.0":
  version "5.17.0"
  resolved "https://npm.metabizlist.com/@prisma/instrumentation/-/instrumentation-5.17.0.tgz#f741ff517f54b1a896fb8605e0d702f29855c6cb"
  integrity sha512-c1Sle4ji8aasMcYfBBHFM56We4ljfenVtRmS8aY06BllS7SoU6SmJBwG7vil+GHiR0Yrh+t9iBwt4AY0Jr4KNQ==
  dependencies:
    "@opentelemetry/api" "^1.8"
    "@opentelemetry/instrumentation" "^0.49 || ^0.50 || ^0.51 || ^0.52.0"
    "@opentelemetry/sdk-trace-base" "^1.22"

"@sentry-internal/browser-utils@8.19.0":
  version "8.19.0"
  resolved "https://npm.metabizlist.com/@sentry-internal/browser-utils/-/browser-utils-8.19.0.tgz#7a25111c5c3430c07b881d5fc83d1598af6d5676"
  integrity sha512-kM/2KlikKuBR63nFi2q7MGS3V9K9hakjvUknhr/jHZqDVfEuBKmp1ZlHFAdJtglKHHJy07gPj/XqDH7BbYh5yg==
  dependencies:
    "@sentry/core" "8.19.0"
    "@sentry/types" "8.19.0"
    "@sentry/utils" "8.19.0"

"@sentry-internal/feedback@8.19.0":
  version "8.19.0"
  resolved "https://npm.metabizlist.com/@sentry-internal/feedback/-/feedback-8.19.0.tgz#7efef695fd4a058b36ef5c98145c4a990bbe877c"
  integrity sha512-Jc77H8fEaGcBhERc2U/o7Q8CZHvlZLT9vAlzq0ZZR20v/1vwYcJW1ysKfTuvmw22hCR6ukhFNl6pqJocXFVhvA==
  dependencies:
    "@sentry/core" "8.19.0"
    "@sentry/types" "8.19.0"
    "@sentry/utils" "8.19.0"

"@sentry-internal/replay-canvas@8.19.0":
  version "8.19.0"
  resolved "https://npm.metabizlist.com/@sentry-internal/replay-canvas/-/replay-canvas-8.19.0.tgz#4afe06acadf14a709e36efe5ad7da350e3ce0815"
  integrity sha512-l4pKJDHrXEctxrK7Xme/+fKToXpGwr/G2t77BzeE1WEw9LwSwADz/hi8HoMdZzuKWriM2BNbz20tpVS84sODxA==
  dependencies:
    "@sentry-internal/replay" "8.19.0"
    "@sentry/core" "8.19.0"
    "@sentry/types" "8.19.0"
    "@sentry/utils" "8.19.0"

"@sentry-internal/replay@8.19.0":
  version "8.19.0"
  resolved "https://npm.metabizlist.com/@sentry-internal/replay/-/replay-8.19.0.tgz#7b290b19d6ba5c0ab742c4c48839cce329129b3f"
  integrity sha512-EW9e1J6XbqXUXQST1AfSIzT9O8OwPyeFOkhkn9/gqOQv08TJvQEIBtWJEoJS+XFMEUuB8IqIzVWNVko/DnGt9A==
  dependencies:
    "@sentry-internal/browser-utils" "8.19.0"
    "@sentry/core" "8.19.0"
    "@sentry/types" "8.19.0"
    "@sentry/utils" "8.19.0"

"@sentry/browser@^8.19.0":
  version "8.19.0"
  resolved "https://npm.metabizlist.com/@sentry/browser/-/browser-8.19.0.tgz#64551150cda979728297035f9a367ed344c7d586"
  integrity sha512-ZC1HxIFm4TIGONyy9MkPG6Dw8IAhzq43t5mq9PqrB1ehuWj8GX6Vk3E26kuc2sydAm4AXbj0562OmvZHsAJpUA==
  dependencies:
    "@sentry-internal/browser-utils" "8.19.0"
    "@sentry-internal/feedback" "8.19.0"
    "@sentry-internal/replay" "8.19.0"
    "@sentry-internal/replay-canvas" "8.19.0"
    "@sentry/core" "8.19.0"
    "@sentry/types" "8.19.0"
    "@sentry/utils" "8.19.0"

"@sentry/core@8.19.0":
  version "8.19.0"
  resolved "https://npm.metabizlist.com/@sentry/core/-/core-8.19.0.tgz#427d09ca27557ddc7c1bfa5e810b7f802836e0b4"
  integrity sha512-MrgjsZCEjOJgQjIznnDSrLEy7qL+4LVpNieAvr49cV1rzBNSwGmWRnt/puVaPsLyCUgupVx/43BPUHB/HtKNUw==
  dependencies:
    "@sentry/types" "8.19.0"
    "@sentry/utils" "8.19.0"

"@sentry/node@^8.19.0":
  version "8.19.0"
  resolved "https://npm.metabizlist.com/@sentry/node/-/node-8.19.0.tgz#366ca24436461b103c245867cc7881c8f5aca13c"
  integrity sha512-r7AeKxfB9eE/UW0NZT3AMh+hNA65NFEwtsMYO6iI52FPLFZh0DLOvzVOeNsmsJqPpyetooUGTtUYpBdinZldWA==
  dependencies:
    "@opentelemetry/api" "^1.9.0"
    "@opentelemetry/context-async-hooks" "^1.25.1"
    "@opentelemetry/core" "^1.25.1"
    "@opentelemetry/instrumentation" "^0.52.1"
    "@opentelemetry/instrumentation-connect" "0.38.0"
    "@opentelemetry/instrumentation-express" "0.41.0"
    "@opentelemetry/instrumentation-fastify" "0.38.0"
    "@opentelemetry/instrumentation-graphql" "0.42.0"
    "@opentelemetry/instrumentation-hapi" "0.40.0"
    "@opentelemetry/instrumentation-http" "0.52.1"
    "@opentelemetry/instrumentation-ioredis" "0.42.0"
    "@opentelemetry/instrumentation-koa" "0.42.0"
    "@opentelemetry/instrumentation-mongodb" "0.46.0"
    "@opentelemetry/instrumentation-mongoose" "0.40.0"
    "@opentelemetry/instrumentation-mysql" "0.40.0"
    "@opentelemetry/instrumentation-mysql2" "0.40.0"
    "@opentelemetry/instrumentation-nestjs-core" "0.39.0"
    "@opentelemetry/instrumentation-pg" "0.43.0"
    "@opentelemetry/instrumentation-redis-4" "0.41.0"
    "@opentelemetry/resources" "^1.25.1"
    "@opentelemetry/sdk-trace-base" "^1.25.1"
    "@opentelemetry/semantic-conventions" "^1.25.1"
    "@prisma/instrumentation" "5.17.0"
    "@sentry/core" "8.19.0"
    "@sentry/opentelemetry" "8.19.0"
    "@sentry/types" "8.19.0"
    "@sentry/utils" "8.19.0"
  optionalDependencies:
    opentelemetry-instrumentation-fetch-node "1.2.3"

"@sentry/opentelemetry@8.19.0":
  version "8.19.0"
  resolved "https://npm.metabizlist.com/@sentry/opentelemetry/-/opentelemetry-8.19.0.tgz#5656cfb372e09a4e792838692885435d7b7b6cfd"
  integrity sha512-L1aSxO/aJJ7D3pIlTaVOgbiZJAnUHXezobTc8j5pqFCQACjxnLMSDrt53QfFV52CcjbliDWCYe4IB8umu4DgpA==
  dependencies:
    "@sentry/core" "8.19.0"
    "@sentry/types" "8.19.0"
    "@sentry/utils" "8.19.0"

"@sentry/types@8.19.0":
  version "8.19.0"
  resolved "https://npm.metabizlist.com/@sentry/types/-/types-8.19.0.tgz#26a5d56c823c5eabbb7d6f53112da335b6d96dcb"
  integrity sha512-52C8X5V7mK2KIxMJt8MV5TxXAFHqrQR1RKm1oPTwKVWm8hKr1ZYJXINymNrWvpAc3oVIKLC/sa9WFYgXQh+YlA==

"@sentry/utils@8.19.0":
  version "8.19.0"
  resolved "https://npm.metabizlist.com/@sentry/utils/-/utils-8.19.0.tgz#f22df2a38327b1cff1e04ba7f11fdf1a32d3ba22"
  integrity sha512-8dWJJKaUN6Hf92Oxw2TBmHchGua2W3ZmonrZTTwLvl06jcAigbiQD0MGuF5ytZP8PHx860orV+SbTGKFzfU3Pg==
  dependencies:
    "@sentry/types" "8.19.0"

"@types/connect@3.4.36":
  version "3.4.36"
  resolved "https://npm.metabizlist.com/@types/connect/-/connect-3.4.36.tgz#e511558c15a39cb29bd5357eebb57bd1459cd1ab"
  integrity sha512-P63Zd/JUGq+PdrM1lv0Wv5SBYeA2+CORvbrXbngriYY0jzLUWfQMQQxOhjONEz/wlHOAxOdY7CY65rgQdTjq2w==
  dependencies:
    "@types/node" "*"

"@types/mysql@2.15.22":
  version "2.15.22"
  resolved "https://npm.metabizlist.com/@types/mysql/-/mysql-2.15.22.tgz#8705edb9872bf4aa9dbc004cd494e00334e5cdb4"
  integrity sha512-wK1pzsJVVAjYCSZWQoWHziQZbNggXFDUEIGf54g4ZM/ERuP86uGdWeKZWMYlqTPMZfHJJvLPyogXGvCOg87yLQ==
  dependencies:
    "@types/node" "*"

"@types/node@*":
  version "20.14.12"
  resolved "https://npm.metabizlist.com/@types/node/-/node-20.14.12.tgz#129d7c3a822cb49fc7ff661235f19cfefd422b49"
  integrity sha512-r7wNXakLeSsGT0H1AU863vS2wa5wBOK4bWMjZz2wj+8nBx+m5PeIn0k8AloSLpRuiwdRQZwarZqHE4FNArPuJQ==
  dependencies:
    undici-types "~5.26.4"

"@types/pg-pool@2.0.4":
  version "2.0.4"
  resolved "https://npm.metabizlist.com/@types/pg-pool/-/pg-pool-2.0.4.tgz#b5c60f678094ff3acf3442628a7f708928fcf263"
  integrity sha512-qZAvkv1K3QbmHHFYSNRYPkRjOWRLBYrL4B9c+wG0GSVGBw0NtJwPcgx/DSddeDJvRGMHCEQ4VMEVfuJ/0gZ3XQ==
  dependencies:
    "@types/pg" "*"

"@types/pg@*":
  version "8.11.6"
  resolved "https://npm.metabizlist.com/@types/pg/-/pg-8.11.6.tgz#a2d0fb0a14b53951a17df5197401569fb9c0c54b"
  integrity sha512-/2WmmBXHLsfRqzfHW7BNZ8SbYzE8OSk7i3WjFYvfgRHj7S1xj+16Je5fUKv3lVdVzk/zn9TXOqf+avFCFIE0yQ==
  dependencies:
    "@types/node" "*"
    pg-protocol "*"
    pg-types "^4.0.1"

"@types/pg@8.6.1":
  version "8.6.1"
  resolved "https://npm.metabizlist.com/@types/pg/-/pg-8.6.1.tgz#099450b8dc977e8197a44f5229cedef95c8747f9"
  integrity sha512-1Kc4oAGzAl7uqUStZCDvaLFqZrW9qWSjXOmBfdgyBP5La7Us6Mg4GBvRlSoaZMhQF/zSj1C8CtKMBkoiT8eL8w==
  dependencies:
    "@types/node" "*"
    pg-protocol "*"
    pg-types "^2.2.0"

"@types/shimmer@^1.0.2":
  version "1.2.0"
  resolved "https://npm.metabizlist.com/@types/shimmer/-/shimmer-1.2.0.tgz#9b706af96fa06416828842397a70dfbbf1c14ded"
  integrity sha512-UE7oxhQLLd9gub6JKIAhDq06T0F6FnztwMNRvYgjeQSBeMc1ZG/tA47EwfduvkuQS8apbkM/lpLpWsaCeYsXVg==

acorn-import-assertions@^1.9.0:
  version "1.9.0"
  resolved "https://npm.metabizlist.com/acorn-import-assertions/-/acorn-import-assertions-1.9.0.tgz#507276249d684797c84e0734ef84860334cfb1ac"
  integrity sha512-cmMwop9x+8KFhxvKrKfPYmN6/pKTYYHBqLa0DfvVZcKMJWNyWLnaqND7dx/qn66R7ewM1UX5XMaDVP5wlVTaVA==

acorn-import-attributes@^1.9.5:
  version "1.9.5"
  resolved "https://npm.metabizlist.com/acorn-import-attributes/-/acorn-import-attributes-1.9.5.tgz#7eb1557b1ba05ef18b5ed0ec67591bfab04688ef"
  integrity sha512-n02Vykv5uA3eHGM/Z2dQrcD56kL8TyDb2p1+0P83PClMnC/nc+anbQRhIOWnSq4Ke/KvDPrY3C9hDtC/A3eHnQ==

acorn@^8.8.2:
  version "8.12.1"
  resolved "https://npm.metabizlist.com/acorn/-/acorn-8.12.1.tgz#71616bdccbe25e27a54439e0046e89ca76df2248"
  integrity sha512-tcpGyI9zbizT9JbV6oYE477V6mTlXvvi0T0G3SNIYE2apm/G5huBa1+K89VGeovbg+jycCrfhl3ADxErOuO6Jg==

cjs-module-lexer@^1.2.2:
  version "1.3.1"
  resolved "https://npm.metabizlist.com/cjs-module-lexer/-/cjs-module-lexer-1.3.1.tgz#c485341ae8fd999ca4ee5af2d7a1c9ae01e0099c"
  integrity sha512-a3KdPAANPbNE4ZUv9h6LckSl9zLsYOP4MBmhIPkRaeyybt+r4UghLvq+xw/YwUcC1gqylCkL4rdVs3Lwupjm4Q==

debug@^4.1.1:
  version "4.3.5"
  resolved "https://npm.metabizlist.com/debug/-/debug-4.3.5.tgz#e83444eceb9fedd4a1da56d671ae2446a01a6e1e"
  integrity sha512-pt0bNEmneDIvdL1Xsd9oDQ/wrQRkXDT4AUWlNZNPKvW5x/jyO9VFXkJUP07vQ2upmw5PlaITaPKc31jK13V+jg==
  dependencies:
    ms "2.1.2"

function-bind@^1.1.2:
  version "1.1.2"
  resolved "https://npm.metabizlist.com/function-bind/-/function-bind-1.1.2.tgz#2c02d864d97f3ea6c8830c464cbd11ab6eab7a1c"
  integrity sha512-7XHNxH7qX9xG5mIwxkhumTox/MIRNcOgDrxWsMt2pAr23WHp6MrRlN7FBSFpCpr+oVO0F744iUgR82nJMfG2SA==

hasown@^2.0.2:
  version "2.0.2"
  resolved "https://npm.metabizlist.com/hasown/-/hasown-2.0.2.tgz#003eaf91be7adc372e84ec59dc37252cedb80003"
  integrity sha512-0hJU9SCPvmMzIBdZFqNPXWa6dqh7WdH0cII9y+CyS8rG3nL48Bclra9HmKhVVUHyPWNH5Y7xDwAB7bfgSjkUMQ==
  dependencies:
    function-bind "^1.1.2"

import-in-the-middle@1.7.1:
  version "1.7.1"
  resolved "https://npm.metabizlist.com/import-in-the-middle/-/import-in-the-middle-1.7.1.tgz#3e111ff79c639d0bde459bd7ba29dd9fdf357364"
  integrity sha512-1LrZPDtW+atAxH42S6288qyDFNQ2YCty+2mxEPRtfazH6Z5QwkaBSTS2ods7hnVJioF6rkRfNoA6A/MstpFXLg==
  dependencies:
    acorn "^8.8.2"
    acorn-import-assertions "^1.9.0"
    cjs-module-lexer "^1.2.2"
    module-details-from-path "^1.0.3"

import-in-the-middle@^1.8.1:
  version "1.10.0"
  resolved "https://npm.metabizlist.com/import-in-the-middle/-/import-in-the-middle-1.10.0.tgz#f15b0841950ded8d899b635058da5646256949b1"
  integrity sha512-Z1jumVdF2GwnnYfM0a/y2ts7mZbwFMgt5rRuVmLgobgahC6iKgN5MBuXjzfTIOUpq5LSU10vJIPpVKe0X89fIw==
  dependencies:
    acorn "^8.8.2"
    acorn-import-attributes "^1.9.5"
    cjs-module-lexer "^1.2.2"
    module-details-from-path "^1.0.3"

is-core-module@^2.13.0:
  version "2.15.0"
  resolved "https://npm.metabizlist.com/is-core-module/-/is-core-module-2.15.0.tgz#71c72ec5442ace7e76b306e9d48db361f22699ea"
  integrity sha512-Dd+Lb2/zvk9SKy1TGCt1wFJFo/MWBPMX5x7KcvLajWTGuomczdQX61PvY5yK6SVACwpoexWo81IfFyoKY2QnTA==
  dependencies:
    hasown "^2.0.2"

lodash.merge@^4.6.2:
  version "4.6.2"
  resolved "https://npm.metabizlist.com/lodash.merge/-/lodash.merge-4.6.2.tgz#558aa53b43b661e1925a0afdfa36a9a1085fe57a"
  integrity sha512-0KpjqXRVvrYyCsX1swR/XTK0va6VQkQM6MNo7PqW77ByjAhoARA8EfrP1N4+KlKj8YS0ZUCtRT/YUuhyYDujIQ==

module-details-from-path@^1.0.3:
  version "1.0.3"
  resolved "https://npm.metabizlist.com/module-details-from-path/-/module-details-from-path-1.0.3.tgz#114c949673e2a8a35e9d35788527aa37b679da2b"
  integrity sha1-EUyUlnPiqKNenTV4hSeqN7Z52is=

ms@2.1.2:
  version "2.1.2"
  resolved "https://npm.metabizlist.com/ms/-/ms-2.1.2.tgz#d09d1f357b443f493382a8eb3ccd183872ae6009"
  integrity sha512-sGkPx+VjMtmA6MX27oA4FBFELFCZZ4S4XqeGOXCv68tT+jb3vk/RyaKWP0PTKyWtmLSM0b+adUTEvbs1PEaH2w==

obuf@~1.1.2:
  version "1.1.2"
  resolved "https://npm.metabizlist.com/obuf/-/obuf-1.1.2.tgz#09bea3343d41859ebd446292d11c9d4db619084e"
  integrity sha512-PX1wu0AmAdPqOL1mWhqmlOd8kOIZQwGZw6rh7uby9fTc5lhaOWFLX3I6R1hrF9k3zUY40e6igsLGkDXK92LJNg==

opentelemetry-instrumentation-fetch-node@1.2.3:
  version "1.2.3"
  resolved "https://npm.metabizlist.com/opentelemetry-instrumentation-fetch-node/-/opentelemetry-instrumentation-fetch-node-1.2.3.tgz#beb24048bdccb1943ba2a5bbadca68020e448ea7"
  integrity sha512-Qb11T7KvoCevMaSeuamcLsAD+pZnavkhDnlVL0kRozfhl42dKG5Q3anUklAFKJZjY3twLR+BnRa6DlwwkIE/+A==
  dependencies:
    "@opentelemetry/instrumentation" "^0.46.0"
    "@opentelemetry/semantic-conventions" "^1.17.0"

path-parse@^1.0.7:
  version "1.0.7"
  resolved "https://npm.metabizlist.com/path-parse/-/path-parse-1.0.7.tgz#fbc114b60ca42b30d9daf5858e4bd68bbedb6735"
  integrity sha512-LDJzPVEEEPR+y48z93A0Ed0yXb8pAByGWo/k5YYdYgpY2/2EsOsksJrq7lOHxryrVOn1ejG6oAp8ahvOIQD8sw==

pg-int8@1.0.1:
  version "1.0.1"
  resolved "https://npm.metabizlist.com/pg-int8/-/pg-int8-1.0.1.tgz#943bd463bf5b71b4170115f80f8efc9a0c0eb78c"
  integrity sha512-WCtabS6t3c8SkpDBUlb1kjOs7l66xsGdKpIPZsg4wR+B3+u9UAum2odSsF9tnvxg80h4ZxLWMy4pRjOsFIqQpw==

pg-numeric@1.0.2:
  version "1.0.2"
  resolved "https://npm.metabizlist.com/pg-numeric/-/pg-numeric-1.0.2.tgz#816d9a44026086ae8ae74839acd6a09b0636aa3a"
  integrity sha512-BM/Thnrw5jm2kKLE5uJkXqqExRUY/toLHda65XgFTBTFYZyopbKjBe29Ii3RbkvlsMoFwD+tHeGaCjjv0gHlyw==

pg-protocol@*:
  version "1.6.1"
  resolved "https://npm.metabizlist.com/pg-protocol/-/pg-protocol-1.6.1.tgz#21333e6d83b01faaebfe7a33a7ad6bfd9ed38cb3"
  integrity sha512-jPIlvgoD63hrEuihvIg+tJhoGjUsLPn6poJY9N5CnlPd91c2T18T/9zBtLxZSb1EhYxBRoZJtzScCaWlYLtktg==

pg-types@^2.2.0:
  version "2.2.0"
  resolved "https://npm.metabizlist.com/pg-types/-/pg-types-2.2.0.tgz#2d0250d636454f7cfa3b6ae0382fdfa8063254a3"
  integrity sha512-qTAAlrEsl8s4OiEQY69wDvcMIdQN6wdz5ojQiOy6YRMuynxenON0O5oCpJI6lshc6scgAY8qvJ2On/p+CXY0GA==
  dependencies:
    pg-int8 "1.0.1"
    postgres-array "~2.0.0"
    postgres-bytea "~1.0.0"
    postgres-date "~1.0.4"
    postgres-interval "^1.1.0"

pg-types@^4.0.1:
  version "4.0.2"
  resolved "https://npm.metabizlist.com/pg-types/-/pg-types-4.0.2.tgz#399209a57c326f162461faa870145bb0f918b76d"
  integrity sha512-cRL3JpS3lKMGsKaWndugWQoLOCoP+Cic8oseVcbr0qhPzYD5DWXK+RZ9LY9wxRf7RQia4SCwQlXk0q6FCPrVng==
  dependencies:
    pg-int8 "1.0.1"
    pg-numeric "1.0.2"
    postgres-array "~3.0.1"
    postgres-bytea "~3.0.0"
    postgres-date "~2.1.0"
    postgres-interval "^3.0.0"
    postgres-range "^1.1.1"

postgres-array@~2.0.0:
  version "2.0.0"
  resolved "https://npm.metabizlist.com/postgres-array/-/postgres-array-2.0.0.tgz#48f8fce054fbc69671999329b8834b772652d82e"
  integrity sha512-VpZrUqU5A69eQyW2c5CA1jtLecCsN2U/bD6VilrFDWq5+5UIEVO7nazS3TEcHf1zuPYO/sqGvUvW62g86RXZuA==

postgres-array@~3.0.1:
  version "3.0.2"
  resolved "https://npm.metabizlist.com/postgres-array/-/postgres-array-3.0.2.tgz#68d6182cb0f7f152a7e60dc6a6889ed74b0a5f98"
  integrity sha512-6faShkdFugNQCLwucjPcY5ARoW1SlbnrZjmGl0IrrqewpvxvhSLHimCVzqeuULCbG0fQv7Dtk1yDbG3xv7Veog==

postgres-bytea@~1.0.0:
  version "1.0.0"
  resolved "https://npm.metabizlist.com/postgres-bytea/-/postgres-bytea-1.0.0.tgz#027b533c0aa890e26d172d47cf9ccecc521acd35"
  integrity sha1-AntTPAqokOJtFy1Hz5zOzFIazTU=

postgres-bytea@~3.0.0:
  version "3.0.0"
  resolved "https://npm.metabizlist.com/postgres-bytea/-/postgres-bytea-3.0.0.tgz#9048dc461ac7ba70a6a42d109221619ecd1cb089"
  integrity sha512-CNd4jim9RFPkObHSjVHlVrxoVQXz7quwNFpz7RY1okNNme49+sVyiTvTRobiLV548Hx/hb1BG+iE7h9493WzFw==
  dependencies:
    obuf "~1.1.2"

postgres-date@~1.0.4:
  version "1.0.7"
  resolved "https://npm.metabizlist.com/postgres-date/-/postgres-date-1.0.7.tgz#51bc086006005e5061c591cee727f2531bf641a8"
  integrity sha512-suDmjLVQg78nMK2UZ454hAG+OAW+HQPZ6n++TNDUX+L0+uUlLywnoxJKDou51Zm+zTCjrCl0Nq6J9C5hP9vK/Q==

postgres-date@~2.1.0:
  version "2.1.0"
  resolved "https://npm.metabizlist.com/postgres-date/-/postgres-date-2.1.0.tgz#b85d3c1fb6fb3c6c8db1e9942a13a3bf625189d0"
  integrity sha512-K7Juri8gtgXVcDfZttFKVmhglp7epKb1K4pgrkLxehjqkrgPhfG6OO8LHLkfaqkbpjNRnra018XwAr1yQFWGcA==

postgres-interval@^1.1.0:
  version "1.2.0"
  resolved "https://npm.metabizlist.com/postgres-interval/-/postgres-interval-1.2.0.tgz#b460c82cb1587507788819a06aa0fffdb3544695"
  integrity sha512-9ZhXKM/rw350N1ovuWHbGxnGh/SNJ4cnxHiM0rxE4VN41wsg8P8zWn9hv/buK00RP4WvlOyr/RBDiptyxVbkZQ==
  dependencies:
    xtend "^4.0.0"

postgres-interval@^3.0.0:
  version "3.0.0"
  resolved "https://npm.metabizlist.com/postgres-interval/-/postgres-interval-3.0.0.tgz#baf7a8b3ebab19b7f38f07566c7aab0962f0c86a"
  integrity sha512-BSNDnbyZCXSxgA+1f5UU2GmwhoI0aU5yMxRGO8CdFEcY2BQF9xm/7MqKnYoM1nJDk8nONNWDk9WeSmePFhQdlw==

postgres-range@^1.1.1:
  version "1.1.4"
  resolved "https://npm.metabizlist.com/postgres-range/-/postgres-range-1.1.4.tgz#a59c5f9520909bcec5e63e8cf913a92e4c952863"
  integrity sha512-i/hbxIE9803Alj/6ytL7UHQxRvZkI9O4Sy+J3HGc4F4oo/2eQAjTSNJ0bfxyse3bH0nuVesCk+3IRLaMtG3H6w==

require-in-the-middle@^7.1.1:
  version "7.3.0"
  resolved "https://npm.metabizlist.com/require-in-the-middle/-/require-in-the-middle-7.3.0.tgz#ce64a1083647dc07b3273b348357efac8a9945c9"
  integrity sha512-nQFEv9gRw6SJAwWD2LrL0NmQvAcO7FBwJbwmr2ttPAacfy0xuiOjE5zt+zM4xDyuyvUaxBi/9gb2SoCyNEVJcw==
  dependencies:
    debug "^4.1.1"
    module-details-from-path "^1.0.3"
    resolve "^1.22.1"

resolve@^1.22.1:
  version "1.22.8"
  resolved "https://npm.metabizlist.com/resolve/-/resolve-1.22.8.tgz#b6c87a9f2aa06dfab52e3d70ac8cde321fa5a48d"
  integrity sha512-oKWePCxqpd6FlLvGV1VU0x7bkPmmCNolxzjMf4NczoDnQcIWrAF+cPtZn5i6n+RfD2d9i0tzpKnG6Yk168yIyw==
  dependencies:
    is-core-module "^2.13.0"
    path-parse "^1.0.7"
    supports-preserve-symlinks-flag "^1.0.0"

semver@^7.5.2:
  version "7.6.3"
  resolved "https://npm.metabizlist.com/semver/-/semver-7.6.3.tgz#980f7b5550bc175fb4dc09403085627f9eb33143"
  integrity sha512-oVekP1cKtI+CTDvHWYFUcMtsK/00wmAEfyqKfNdARm8u1wNVhSgaX7A8d4UuIlUI5e84iEwOhs7ZPYRmzU9U6A==

shimmer@^1.2.1:
  version "1.2.1"
  resolved "https://npm.metabizlist.com/shimmer/-/shimmer-1.2.1.tgz#610859f7de327b587efebf501fb43117f9aff337"
  integrity sha512-sQTKC1Re/rM6XyFM6fIAGHRPVGvyXfgzIDvzoq608vM+jeyVD0Tu1E6Np0Kc2zAIFWIj963V2800iF/9LPieQw==

supports-preserve-symlinks-flag@^1.0.0:
  version "1.0.0"
  resolved "https://npm.metabizlist.com/supports-preserve-symlinks-flag/-/supports-preserve-symlinks-flag-1.0.0.tgz#6eda4bd344a3c94aea376d4cc31bc77311039e09"
  integrity sha512-ot0WnXS9fgdkgIcePe6RHNk1WA8+muPa6cSjeR3V8K27q9BB1rTE3R1p7Hv0z1ZyAc8s6Vvv8DIyWf681MAt0w==

typescript@^5.5.4:
  version "5.5.4"
  resolved "https://npm.metabizlist.com/typescript/-/typescript-5.5.4.tgz#d9852d6c82bad2d2eda4fd74a5762a8f5909e9ba"
  integrity sha512-Mtq29sKDAEYP7aljRgtPOpTvOfbwRWlS6dPRzwjdE+C0R4brX/GUyhHSecbHMFLNBLcJIPt9nl9yG5TZ1weH+Q==

undici-types@~5.26.4:
  version "5.26.5"
  resolved "https://npm.metabizlist.com/undici-types/-/undici-types-5.26.5.tgz#bcd539893d00b56e964fd2657a4866b221a65617"
  integrity sha512-JlCMO+ehdEIKqlFxk6IfVoAUVmgz7cU7zD/h9XZ0qzeosSHmUJVOzSQvvYSYWXkFXC+IfLKSIffhv0sVZup6pA==

xtend@^4.0.0:
  version "4.0.2"
  resolved "https://npm.metabizlist.com/xtend/-/xtend-4.0.2.tgz#bb72779f5fa465186b1f438f674fa347fdb5db54"
  integrity sha512-LKYU1iAXJXUgAXn9URjiu+MWhyUXHsvfp7mcuYm9dSUKK0/CjtrUwFAxD82/mCWbtLsGjFIad0wIsod4zrTAEQ==
